// !$*UTF8*$!
{
	archiveVersion = 1;
	classes = {
	};
	objectVersion = 46;
	objects = {

/* Begin PBXBuildFile section */
		BCA3F32017239B6500E28AEC /* Cocoa.framework in Frameworks */ = {isa = PBXBuildFile; fileRef = BCA3F31F17239B6500E28AEC /* Cocoa.framework */; };
		BCA3F3621723A8FA00E28AEC /* OpenGL.framework in Frameworks */ = {isa = PBXBuildFile; fileRef = BCA3F3601723A8FA00E28AEC /* OpenGL.framework */; };
		BCA3F3631723A8FA00E28AEC /* QuartzCore.framework in Frameworks */ = {isa = PBXBuildFile; fileRef = BCA3F3611723A8FA00E28AEC /* QuartzCore.framework */; };
		BCA3F3651723A96600E28AEC /* GPUImage.h in Headers */ = {isa = PBXBuildFile; fileRef = BCA3F3641723A96600E28AEC /* GPUImage.h */; settings = {ATTRIBUTES = (Public, ); }; };
		BCF40F1217247D68005AE36A /* GPUImageContext.h in Headers */ = {isa = PBXBuildFile; fileRef = BCF40F1017247D68005AE36A /* GPUImageContext.h */; settings = {ATTRIBUTES = (Public, ); }; };
		BCF40F1317247D68005AE36A /* GPUImageContext.m in Sources */ = {isa = PBXBuildFile; fileRef = BCF40F1117247D68005AE36A /* GPUImageContext.m */; };
		BCF40F1617247FD8005AE36A /* GLProgram.h in Headers */ = {isa = PBXBuildFile; fileRef = BCF40F1417247FD8005AE36A /* GLProgram.h */; settings = {ATTRIBUTES = (Public, ); }; };
		BCF40F1717247FD8005AE36A /* GLProgram.m in Sources */ = {isa = PBXBuildFile; fileRef = BCF40F1517247FD8005AE36A /* GLProgram.m */; };
		BCF40F1B1724829B005AE36A /* GPUImageOutput.h in Headers */ = {isa = PBXBuildFile; fileRef = BCF40F191724829B005AE36A /* GPUImageOutput.h */; settings = {ATTRIBUTES = (Public, ); }; };
		BCF40F1C1724829B005AE36A /* GPUImageOutput.m in Sources */ = {isa = PBXBuildFile; fileRef = BCF40F1A1724829B005AE36A /* GPUImageOutput.m */; };
		BCF40F2017248322005AE36A /* GPUImageFilter.h in Headers */ = {isa = PBXBuildFile; fileRef = BCF40F1E17248322005AE36A /* GPUImageFilter.h */; settings = {ATTRIBUTES = (Public, ); }; };
		BCF40F2117248322005AE36A /* GPUImageFilter.m in Sources */ = {isa = PBXBuildFile; fileRef = BCF40F1F17248322005AE36A /* GPUImageFilter.m */; };
		BCF40F2517248836005AE36A /* GPUImageView.h in Headers */ = {isa = PBXBuildFile; fileRef = BCF40F2317248836005AE36A /* GPUImageView.h */; settings = {ATTRIBUTES = (Public, ); }; };
		BCF40F2617248836005AE36A /* GPUImageView.m in Sources */ = {isa = PBXBuildFile; fileRef = BCF40F2417248836005AE36A /* GPUImageView.m */; };
		BCF40F29172488D3005AE36A /* GPUImageBrightnessFilter.h in Headers */ = {isa = PBXBuildFile; fileRef = BCF40F27172488D3005AE36A /* GPUImageBrightnessFilter.h */; settings = {ATTRIBUTES = (Public, ); }; };
		BCF40F2A172488D3005AE36A /* GPUImageBrightnessFilter.m in Sources */ = {isa = PBXBuildFile; fileRef = BCF40F28172488D3005AE36A /* GPUImageBrightnessFilter.m */; };
		BCF867561725AF9300912E34 /* GPUImageMovieWriter.h in Headers */ = {isa = PBXBuildFile; fileRef = BCF867521725AF9300912E34 /* GPUImageMovieWriter.h */; settings = {ATTRIBUTES = (Public, ); }; };
		BCF867571725AF9300912E34 /* GPUImageMovieWriter.m in Sources */ = {isa = PBXBuildFile; fileRef = BCF867531725AF9300912E34 /* GPUImageMovieWriter.m */; };
		BCF867581725AF9300912E34 /* GPUImagePicture.h in Headers */ = {isa = PBXBuildFile; fileRef = BCF867541725AF9300912E34 /* GPUImagePicture.h */; settings = {ATTRIBUTES = (Public, ); }; };
		BCF867591725AF9300912E34 /* GPUImagePicture.m in Sources */ = {isa = PBXBuildFile; fileRef = BCF867551725AF9300912E34 /* GPUImagePicture.m */; };
		BCF8675B1725BBE300912E34 /* AVFoundation.framework in Frameworks */ = {isa = PBXBuildFile; fileRef = BCF8675A1725BBE300912E34 /* AVFoundation.framework */; };
		BCF8675D1725BBE900912E34 /* CoreMedia.framework in Frameworks */ = {isa = PBXBuildFile; fileRef = BCF8675C1725BBE900912E34 /* CoreMedia.framework */; };
		BCF8679D1727585D00912E34 /* GPUImageAVCamera.h in Headers */ = {isa = PBXBuildFile; fileRef = BCF8679B1727585D00912E34 /* GPUImageAVCamera.h */; settings = {ATTRIBUTES = (Public, ); }; };
		BCF8679E1727585D00912E34 /* GPUImageAVCamera.m in Sources */ = {isa = PBXBuildFile; fileRef = BCF8679C1727585D00912E34 /* GPUImageAVCamera.m */; };
		BCF867AD172778D500912E34 /* GPUImageContrastFilter.h in Headers */ = {isa = PBXBuildFile; fileRef = BCF867A3172778D500912E34 /* GPUImageContrastFilter.h */; settings = {ATTRIBUTES = (Public, ); }; };
		BCF867AE172778D500912E34 /* GPUImageContrastFilter.m in Sources */ = {isa = PBXBuildFile; fileRef = BCF867A4172778D500912E34 /* GPUImageContrastFilter.m */; };
		BCF867AF172778D500912E34 /* GPUImageExposureFilter.h in Headers */ = {isa = PBXBuildFile; fileRef = BCF867A5172778D500912E34 /* GPUImageExposureFilter.h */; settings = {ATTRIBUTES = (Public, ); }; };
		BCF867B0172778D500912E34 /* GPUImageExposureFilter.m in Sources */ = {isa = PBXBuildFile; fileRef = BCF867A6172778D500912E34 /* GPUImageExposureFilter.m */; };
		BCF867B1172778D500912E34 /* GPUImageHueFilter.h in Headers */ = {isa = PBXBuildFile; fileRef = BCF867A7172778D500912E34 /* GPUImageHueFilter.h */; settings = {ATTRIBUTES = (Public, ); }; };
		BCF867B2172778D500912E34 /* GPUImageHueFilter.m in Sources */ = {isa = PBXBuildFile; fileRef = BCF867A8172778D500912E34 /* GPUImageHueFilter.m */; };
		BCF867B3172778D500912E34 /* GPUImageSaturationFilter.h in Headers */ = {isa = PBXBuildFile; fileRef = BCF867A9172778D500912E34 /* GPUImageSaturationFilter.h */; settings = {ATTRIBUTES = (Public, ); }; };
		BCF867B4172778D500912E34 /* GPUImageSaturationFilter.m in Sources */ = {isa = PBXBuildFile; fileRef = BCF867AA172778D500912E34 /* GPUImageSaturationFilter.m */; };
		BCF867B5172778D500912E34 /* GPUImageWhiteBalanceFilter.h in Headers */ = {isa = PBXBuildFile; fileRef = BCF867AB172778D500912E34 /* GPUImageWhiteBalanceFilter.h */; settings = {ATTRIBUTES = (Public, ); }; };
		BCF867B6172778D500912E34 /* GPUImageWhiteBalanceFilter.m in Sources */ = {isa = PBXBuildFile; fileRef = BCF867AC172778D500912E34 /* GPUImageWhiteBalanceFilter.m */; };
		BCF867B91727791200912E34 /* GPUImageLevelsFilter.h in Headers */ = {isa = PBXBuildFile; fileRef = BCF867B71727791200912E34 /* GPUImageLevelsFilter.h */; settings = {ATTRIBUTES = (Public, ); }; };
		BCF867BA1727791200912E34 /* GPUImageLevelsFilter.m in Sources */ = {isa = PBXBuildFile; fileRef = BCF867B81727791200912E34 /* GPUImageLevelsFilter.m */; };
		BCF867BF1727794000912E34 /* GPUImageMonochromeFilter.h in Headers */ = {isa = PBXBuildFile; fileRef = BCF867BB1727794000912E34 /* GPUImageMonochromeFilter.h */; settings = {ATTRIBUTES = (Public, ); }; };
		BCF867C01727794000912E34 /* GPUImageMonochromeFilter.m in Sources */ = {isa = PBXBuildFile; fileRef = BCF867BC1727794000912E34 /* GPUImageMonochromeFilter.m */; };
		BCF867C11727794000912E34 /* GPUImageRGBFilter.h in Headers */ = {isa = PBXBuildFile; fileRef = BCF867BD1727794000912E34 /* GPUImageRGBFilter.h */; settings = {ATTRIBUTES = (Public, ); }; };
		BCF867C21727794000912E34 /* GPUImageRGBFilter.m in Sources */ = {isa = PBXBuildFile; fileRef = BCF867BE1727794000912E34 /* GPUImageRGBFilter.m */; };
		BCF867C71727872D00912E34 /* GPUImagePixellateFilter.h in Headers */ = {isa = PBXBuildFile; fileRef = BCF867C51727872D00912E34 /* GPUImagePixellateFilter.h */; settings = {ATTRIBUTES = (Public, ); }; };
		BCF867C81727872D00912E34 /* GPUImagePixellateFilter.m in Sources */ = {isa = PBXBuildFile; fileRef = BCF867C61727872D00912E34 /* GPUImagePixellateFilter.m */; };
		BCF867CB172788F100912E34 /* GPUImage3x3TextureSamplingFilter.h in Headers */ = {isa = PBXBuildFile; fileRef = BCF867C9172788F100912E34 /* GPUImage3x3TextureSamplingFilter.h */; settings = {ATTRIBUTES = (Public, ); }; };
		BCF867CC172788F100912E34 /* GPUImage3x3TextureSamplingFilter.m in Sources */ = {isa = PBXBuildFile; fileRef = BCF867CA172788F100912E34 /* GPUImage3x3TextureSamplingFilter.m */; };
		BCF867CF172789B200912E34 /* GPUImageSketchFilter.h in Headers */ = {isa = PBXBuildFile; fileRef = BCF867CD172789B200912E34 /* GPUImageSketchFilter.h */; settings = {ATTRIBUTES = (Public, ); }; };
		BCF867D0172789B200912E34 /* GPUImageSketchFilter.m in Sources */ = {isa = PBXBuildFile; fileRef = BCF867CE172789B200912E34 /* GPUImageSketchFilter.m */; };
		BCF867D417278A5600912E34 /* GPUImageSobelEdgeDetectionFilter.h in Headers */ = {isa = PBXBuildFile; fileRef = BCF867D217278A5600912E34 /* GPUImageSobelEdgeDetectionFilter.h */; settings = {ATTRIBUTES = (Public, ); }; };
		BCF867D517278A5600912E34 /* GPUImageSobelEdgeDetectionFilter.m in Sources */ = {isa = PBXBuildFile; fileRef = BCF867D317278A5600912E34 /* GPUImageSobelEdgeDetectionFilter.m */; };
		BCF867D817278A7A00912E34 /* GPUImageToonFilter.h in Headers */ = {isa = PBXBuildFile; fileRef = BCF867D617278A7900912E34 /* GPUImageToonFilter.h */; settings = {ATTRIBUTES = (Public, ); }; };
		BCF867D917278A7A00912E34 /* GPUImageToonFilter.m in Sources */ = {isa = PBXBuildFile; fileRef = BCF867D717278A7900912E34 /* GPUImageToonFilter.m */; };
		BCF867DC17278C5A00912E34 /* GPUImageTwoPassFilter.h in Headers */ = {isa = PBXBuildFile; fileRef = BCF867DA17278C5800912E34 /* GPUImageTwoPassFilter.h */; settings = {ATTRIBUTES = (Public, ); }; };
		BCF867DD17278C5A00912E34 /* GPUImageTwoPassFilter.m in Sources */ = {isa = PBXBuildFile; fileRef = BCF867DB17278C5900912E34 /* GPUImageTwoPassFilter.m */; };
		BCF867E017278D1900912E34 /* GPUImageGrayscaleFilter.h in Headers */ = {isa = PBXBuildFile; fileRef = BCF867DE17278D1900912E34 /* GPUImageGrayscaleFilter.h */; settings = {ATTRIBUTES = (Public, ); }; };
		BCF867E117278D1900912E34 /* GPUImageGrayscaleFilter.m in Sources */ = {isa = PBXBuildFile; fileRef = BCF867DF17278D1900912E34 /* GPUImageGrayscaleFilter.m */; };
		BCF867E41727903D00912E34 /* GPUImageKuwaharaFilter.h in Headers */ = {isa = PBXBuildFile; fileRef = BCF867E21727903C00912E34 /* GPUImageKuwaharaFilter.h */; settings = {ATTRIBUTES = (Public, ); }; };
		BCF867E51727903D00912E34 /* GPUImageKuwaharaFilter.m in Sources */ = {isa = PBXBuildFile; fileRef = BCF867E31727903D00912E34 /* GPUImageKuwaharaFilter.m */; };
/* End PBXBuildFile section */

/* Begin PBXFileReference section */
		BCA3F31C17239B6500E28AEC /* GPUImage.framework */ = {isa = PBXFileReference; explicitFileType = wrapper.framework; includeInIndex = 0; path = GPUImage.framework; sourceTree = BUILT_PRODUCTS_DIR; };
		BCA3F31F17239B6500E28AEC /* Cocoa.framework */ = {isa = PBXFileReference; lastKnownFileType = wrapper.framework; name = Cocoa.framework; path = System/Library/Frameworks/Cocoa.framework; sourceTree = SDKROOT; };
		BCA3F32217239B6500E28AEC /* AppKit.framework */ = {isa = PBXFileReference; lastKnownFileType = wrapper.framework; name = AppKit.framework; path = System/Library/Frameworks/AppKit.framework; sourceTree = SDKROOT; };
		BCA3F32317239B6500E28AEC /* CoreData.framework */ = {isa = PBXFileReference; lastKnownFileType = wrapper.framework; name = CoreData.framework; path = System/Library/Frameworks/CoreData.framework; sourceTree = SDKROOT; };
		BCA3F32417239B6500E28AEC /* Foundation.framework */ = {isa = PBXFileReference; lastKnownFileType = wrapper.framework; name = Foundation.framework; path = System/Library/Frameworks/Foundation.framework; sourceTree = SDKROOT; };
		BCA3F32717239B6500E28AEC /* GPUImageMac-Info.plist */ = {isa = PBXFileReference; lastKnownFileType = text.plist; name = "GPUImageMac-Info.plist"; path = "Source/Mac/GPUImageMac-Info.plist"; sourceTree = "<group>"; };
		BCA3F32B17239B6500E28AEC /* GPUImageMac-Prefix.pch */ = {isa = PBXFileReference; lastKnownFileType = sourcecode.c.h; name = "GPUImageMac-Prefix.pch"; path = "Source/Mac/GPUImageMac-Prefix.pch"; sourceTree = "<group>"; };
		BCA3F3601723A8FA00E28AEC /* OpenGL.framework */ = {isa = PBXFileReference; lastKnownFileType = wrapper.framework; name = OpenGL.framework; path = System/Library/Frameworks/OpenGL.framework; sourceTree = SDKROOT; };
		BCA3F3611723A8FA00E28AEC /* QuartzCore.framework */ = {isa = PBXFileReference; lastKnownFileType = wrapper.framework; name = QuartzCore.framework; path = System/Library/Frameworks/QuartzCore.framework; sourceTree = SDKROOT; };
		BCA3F3641723A96600E28AEC /* GPUImage.h */ = {isa = PBXFileReference; fileEncoding = 4; lastKnownFileType = sourcecode.c.h; name = GPUImage.h; path = Source/Mac/GPUImage.h; sourceTree = SOURCE_ROOT; };
		BCF40F1017247D68005AE36A /* GPUImageContext.h */ = {isa = PBXFileReference; fileEncoding = 4; lastKnownFileType = sourcecode.c.h; name = GPUImageContext.h; path = Source/Mac/GPUImageContext.h; sourceTree = SOURCE_ROOT; };
		BCF40F1117247D68005AE36A /* GPUImageContext.m */ = {isa = PBXFileReference; fileEncoding = 4; lastKnownFileType = sourcecode.c.objc; name = GPUImageContext.m; path = Source/Mac/GPUImageContext.m; sourceTree = SOURCE_ROOT; };
		BCF40F1417247FD8005AE36A /* GLProgram.h */ = {isa = PBXFileReference; fileEncoding = 4; lastKnownFileType = sourcecode.c.h; name = GLProgram.h; path = Source/GLProgram.h; sourceTree = SOURCE_ROOT; };
		BCF40F1517247FD8005AE36A /* GLProgram.m */ = {isa = PBXFileReference; fileEncoding = 4; lastKnownFileType = sourcecode.c.objc; name = GLProgram.m; path = Source/GLProgram.m; sourceTree = SOURCE_ROOT; };
		BCF40F191724829B005AE36A /* GPUImageOutput.h */ = {isa = PBXFileReference; fileEncoding = 4; lastKnownFileType = sourcecode.c.h; name = GPUImageOutput.h; path = Source/GPUImageOutput.h; sourceTree = SOURCE_ROOT; };
		BCF40F1A1724829B005AE36A /* GPUImageOutput.m */ = {isa = PBXFileReference; fileEncoding = 4; lastKnownFileType = sourcecode.c.objc; name = GPUImageOutput.m; path = Source/GPUImageOutput.m; sourceTree = SOURCE_ROOT; };
		BCF40F1E17248322005AE36A /* GPUImageFilter.h */ = {isa = PBXFileReference; fileEncoding = 4; lastKnownFileType = sourcecode.c.h; name = GPUImageFilter.h; path = Source/GPUImageFilter.h; sourceTree = SOURCE_ROOT; };
		BCF40F1F17248322005AE36A /* GPUImageFilter.m */ = {isa = PBXFileReference; fileEncoding = 4; lastKnownFileType = sourcecode.c.objc; name = GPUImageFilter.m; path = Source/GPUImageFilter.m; sourceTree = SOURCE_ROOT; };
		BCF40F2317248836005AE36A /* GPUImageView.h */ = {isa = PBXFileReference; fileEncoding = 4; lastKnownFileType = sourcecode.c.h; name = GPUImageView.h; path = Source/Mac/GPUImageView.h; sourceTree = SOURCE_ROOT; };
		BCF40F2417248836005AE36A /* GPUImageView.m */ = {isa = PBXFileReference; fileEncoding = 4; lastKnownFileType = sourcecode.c.objc; name = GPUImageView.m; path = Source/Mac/GPUImageView.m; sourceTree = SOURCE_ROOT; };
		BCF40F27172488D3005AE36A /* GPUImageBrightnessFilter.h */ = {isa = PBXFileReference; fileEncoding = 4; lastKnownFileType = sourcecode.c.h; name = GPUImageBrightnessFilter.h; path = Source/GPUImageBrightnessFilter.h; sourceTree = SOURCE_ROOT; };
		BCF40F28172488D3005AE36A /* GPUImageBrightnessFilter.m */ = {isa = PBXFileReference; fileEncoding = 4; lastKnownFileType = sourcecode.c.objc; name = GPUImageBrightnessFilter.m; path = Source/GPUImageBrightnessFilter.m; sourceTree = SOURCE_ROOT; };
		BCF867521725AF9300912E34 /* GPUImageMovieWriter.h */ = {isa = PBXFileReference; fileEncoding = 4; lastKnownFileType = sourcecode.c.h; name = GPUImageMovieWriter.h; path = Source/Mac/GPUImageMovieWriter.h; sourceTree = SOURCE_ROOT; };
		BCF867531725AF9300912E34 /* GPUImageMovieWriter.m */ = {isa = PBXFileReference; fileEncoding = 4; lastKnownFileType = sourcecode.c.objc; name = GPUImageMovieWriter.m; path = Source/Mac/GPUImageMovieWriter.m; sourceTree = SOURCE_ROOT; };
		BCF867541725AF9300912E34 /* GPUImagePicture.h */ = {isa = PBXFileReference; fileEncoding = 4; lastKnownFileType = sourcecode.c.h; name = GPUImagePicture.h; path = Source/Mac/GPUImagePicture.h; sourceTree = SOURCE_ROOT; };
		BCF867551725AF9300912E34 /* GPUImagePicture.m */ = {isa = PBXFileReference; fileEncoding = 4; lastKnownFileType = sourcecode.c.objc; name = GPUImagePicture.m; path = Source/Mac/GPUImagePicture.m; sourceTree = SOURCE_ROOT; };
		BCF8675A1725BBE300912E34 /* AVFoundation.framework */ = {isa = PBXFileReference; lastKnownFileType = wrapper.framework; name = AVFoundation.framework; path = System/Library/Frameworks/AVFoundation.framework; sourceTree = SDKROOT; };
		BCF8675C1725BBE900912E34 /* CoreMedia.framework */ = {isa = PBXFileReference; lastKnownFileType = wrapper.framework; name = CoreMedia.framework; path = System/Library/Frameworks/CoreMedia.framework; sourceTree = SDKROOT; };
		BCF8679B1727585D00912E34 /* GPUImageAVCamera.h */ = {isa = PBXFileReference; fileEncoding = 4; lastKnownFileType = sourcecode.c.h; name = GPUImageAVCamera.h; path = Source/Mac/GPUImageAVCamera.h; sourceTree = SOURCE_ROOT; };
		BCF8679C1727585D00912E34 /* GPUImageAVCamera.m */ = {isa = PBXFileReference; fileEncoding = 4; lastKnownFileType = sourcecode.c.objc; name = GPUImageAVCamera.m; path = Source/Mac/GPUImageAVCamera.m; sourceTree = SOURCE_ROOT; };
		BCF867A3172778D500912E34 /* GPUImageContrastFilter.h */ = {isa = PBXFileReference; fileEncoding = 4; lastKnownFileType = sourcecode.c.h; name = GPUImageContrastFilter.h; path = Source/GPUImageContrastFilter.h; sourceTree = SOURCE_ROOT; };
		BCF867A4172778D500912E34 /* GPUImageContrastFilter.m */ = {isa = PBXFileReference; fileEncoding = 4; lastKnownFileType = sourcecode.c.objc; name = GPUImageContrastFilter.m; path = Source/GPUImageContrastFilter.m; sourceTree = SOURCE_ROOT; };
		BCF867A5172778D500912E34 /* GPUImageExposureFilter.h */ = {isa = PBXFileReference; fileEncoding = 4; lastKnownFileType = sourcecode.c.h; name = GPUImageExposureFilter.h; path = Source/GPUImageExposureFilter.h; sourceTree = SOURCE_ROOT; };
		BCF867A6172778D500912E34 /* GPUImageExposureFilter.m */ = {isa = PBXFileReference; fileEncoding = 4; lastKnownFileType = sourcecode.c.objc; name = GPUImageExposureFilter.m; path = Source/GPUImageExposureFilter.m; sourceTree = SOURCE_ROOT; };
		BCF867A7172778D500912E34 /* GPUImageHueFilter.h */ = {isa = PBXFileReference; fileEncoding = 4; lastKnownFileType = sourcecode.c.h; name = GPUImageHueFilter.h; path = Source/GPUImageHueFilter.h; sourceTree = SOURCE_ROOT; };
		BCF867A8172778D500912E34 /* GPUImageHueFilter.m */ = {isa = PBXFileReference; fileEncoding = 4; lastKnownFileType = sourcecode.c.objc; name = GPUImageHueFilter.m; path = Source/GPUImageHueFilter.m; sourceTree = SOURCE_ROOT; };
		BCF867A9172778D500912E34 /* GPUImageSaturationFilter.h */ = {isa = PBXFileReference; fileEncoding = 4; lastKnownFileType = sourcecode.c.h; name = GPUImageSaturationFilter.h; path = Source/GPUImageSaturationFilter.h; sourceTree = SOURCE_ROOT; };
		BCF867AA172778D500912E34 /* GPUImageSaturationFilter.m */ = {isa = PBXFileReference; fileEncoding = 4; lastKnownFileType = sourcecode.c.objc; name = GPUImageSaturationFilter.m; path = Source/GPUImageSaturationFilter.m; sourceTree = SOURCE_ROOT; };
		BCF867AB172778D500912E34 /* GPUImageWhiteBalanceFilter.h */ = {isa = PBXFileReference; fileEncoding = 4; lastKnownFileType = sourcecode.c.h; name = GPUImageWhiteBalanceFilter.h; path = Source/GPUImageWhiteBalanceFilter.h; sourceTree = SOURCE_ROOT; };
		BCF867AC172778D500912E34 /* GPUImageWhiteBalanceFilter.m */ = {isa = PBXFileReference; fileEncoding = 4; lastKnownFileType = sourcecode.c.objc; name = GPUImageWhiteBalanceFilter.m; path = Source/GPUImageWhiteBalanceFilter.m; sourceTree = SOURCE_ROOT; };
		BCF867B71727791200912E34 /* GPUImageLevelsFilter.h */ = {isa = PBXFileReference; fileEncoding = 4; lastKnownFileType = sourcecode.c.h; name = GPUImageLevelsFilter.h; path = Source/GPUImageLevelsFilter.h; sourceTree = SOURCE_ROOT; };
		BCF867B81727791200912E34 /* GPUImageLevelsFilter.m */ = {isa = PBXFileReference; fileEncoding = 4; lastKnownFileType = sourcecode.c.objc; name = GPUImageLevelsFilter.m; path = Source/GPUImageLevelsFilter.m; sourceTree = SOURCE_ROOT; };
		BCF867BB1727794000912E34 /* GPUImageMonochromeFilter.h */ = {isa = PBXFileReference; fileEncoding = 4; lastKnownFileType = sourcecode.c.h; name = GPUImageMonochromeFilter.h; path = Source/GPUImageMonochromeFilter.h; sourceTree = SOURCE_ROOT; };
		BCF867BC1727794000912E34 /* GPUImageMonochromeFilter.m */ = {isa = PBXFileReference; fileEncoding = 4; lastKnownFileType = sourcecode.c.objc; name = GPUImageMonochromeFilter.m; path = Source/GPUImageMonochromeFilter.m; sourceTree = SOURCE_ROOT; };
		BCF867BD1727794000912E34 /* GPUImageRGBFilter.h */ = {isa = PBXFileReference; fileEncoding = 4; lastKnownFileType = sourcecode.c.h; name = GPUImageRGBFilter.h; path = Source/GPUImageRGBFilter.h; sourceTree = SOURCE_ROOT; };
		BCF867BE1727794000912E34 /* GPUImageRGBFilter.m */ = {isa = PBXFileReference; fileEncoding = 4; lastKnownFileType = sourcecode.c.objc; name = GPUImageRGBFilter.m; path = Source/GPUImageRGBFilter.m; sourceTree = SOURCE_ROOT; };
		BCF867C51727872D00912E34 /* GPUImagePixellateFilter.h */ = {isa = PBXFileReference; fileEncoding = 4; lastKnownFileType = sourcecode.c.h; name = GPUImagePixellateFilter.h; path = Source/GPUImagePixellateFilter.h; sourceTree = SOURCE_ROOT; };
		BCF867C61727872D00912E34 /* GPUImagePixellateFilter.m */ = {isa = PBXFileReference; fileEncoding = 4; lastKnownFileType = sourcecode.c.objc; name = GPUImagePixellateFilter.m; path = Source/GPUImagePixellateFilter.m; sourceTree = SOURCE_ROOT; };
		BCF867C9172788F100912E34 /* GPUImage3x3TextureSamplingFilter.h */ = {isa = PBXFileReference; fileEncoding = 4; lastKnownFileType = sourcecode.c.h; name = GPUImage3x3TextureSamplingFilter.h; path = Source/GPUImage3x3TextureSamplingFilter.h; sourceTree = SOURCE_ROOT; };
		BCF867CA172788F100912E34 /* GPUImage3x3TextureSamplingFilter.m */ = {isa = PBXFileReference; fileEncoding = 4; lastKnownFileType = sourcecode.c.objc; name = GPUImage3x3TextureSamplingFilter.m; path = Source/GPUImage3x3TextureSamplingFilter.m; sourceTree = SOURCE_ROOT; };
		BCF867CD172789B200912E34 /* GPUImageSketchFilter.h */ = {isa = PBXFileReference; fileEncoding = 4; lastKnownFileType = sourcecode.c.h; name = GPUImageSketchFilter.h; path = Source/GPUImageSketchFilter.h; sourceTree = SOURCE_ROOT; };
		BCF867CE172789B200912E34 /* GPUImageSketchFilter.m */ = {isa = PBXFileReference; fileEncoding = 4; lastKnownFileType = sourcecode.c.objc; name = GPUImageSketchFilter.m; path = Source/GPUImageSketchFilter.m; sourceTree = SOURCE_ROOT; };
		BCF867D217278A5600912E34 /* GPUImageSobelEdgeDetectionFilter.h */ = {isa = PBXFileReference; fileEncoding = 4; lastKnownFileType = sourcecode.c.h; name = GPUImageSobelEdgeDetectionFilter.h; path = Source/GPUImageSobelEdgeDetectionFilter.h; sourceTree = SOURCE_ROOT; };
		BCF867D317278A5600912E34 /* GPUImageSobelEdgeDetectionFilter.m */ = {isa = PBXFileReference; fileEncoding = 4; lastKnownFileType = sourcecode.c.objc; name = GPUImageSobelEdgeDetectionFilter.m; path = Source/GPUImageSobelEdgeDetectionFilter.m; sourceTree = SOURCE_ROOT; };
		BCF867D617278A7900912E34 /* GPUImageToonFilter.h */ = {isa = PBXFileReference; fileEncoding = 4; lastKnownFileType = sourcecode.c.h; name = GPUImageToonFilter.h; path = Source/GPUImageToonFilter.h; sourceTree = SOURCE_ROOT; };
		BCF867D717278A7900912E34 /* GPUImageToonFilter.m */ = {isa = PBXFileReference; fileEncoding = 4; lastKnownFileType = sourcecode.c.objc; name = GPUImageToonFilter.m; path = Source/GPUImageToonFilter.m; sourceTree = SOURCE_ROOT; };
		BCF867DA17278C5800912E34 /* GPUImageTwoPassFilter.h */ = {isa = PBXFileReference; fileEncoding = 4; lastKnownFileType = sourcecode.c.h; name = GPUImageTwoPassFilter.h; path = Source/GPUImageTwoPassFilter.h; sourceTree = SOURCE_ROOT; };
		BCF867DB17278C5900912E34 /* GPUImageTwoPassFilter.m */ = {isa = PBXFileReference; fileEncoding = 4; lastKnownFileType = sourcecode.c.objc; name = GPUImageTwoPassFilter.m; path = Source/GPUImageTwoPassFilter.m; sourceTree = SOURCE_ROOT; };
		BCF867DE17278D1900912E34 /* GPUImageGrayscaleFilter.h */ = {isa = PBXFileReference; fileEncoding = 4; lastKnownFileType = sourcecode.c.h; name = GPUImageGrayscaleFilter.h; path = Source/GPUImageGrayscaleFilter.h; sourceTree = SOURCE_ROOT; };
		BCF867DF17278D1900912E34 /* GPUImageGrayscaleFilter.m */ = {isa = PBXFileReference; fileEncoding = 4; lastKnownFileType = sourcecode.c.objc; name = GPUImageGrayscaleFilter.m; path = Source/GPUImageGrayscaleFilter.m; sourceTree = SOURCE_ROOT; };
		BCF867E21727903C00912E34 /* GPUImageKuwaharaFilter.h */ = {isa = PBXFileReference; fileEncoding = 4; lastKnownFileType = sourcecode.c.h; name = GPUImageKuwaharaFilter.h; path = Source/GPUImageKuwaharaFilter.h; sourceTree = SOURCE_ROOT; };
		BCF867E31727903D00912E34 /* GPUImageKuwaharaFilter.m */ = {isa = PBXFileReference; fileEncoding = 4; lastKnownFileType = sourcecode.c.objc; name = GPUImageKuwaharaFilter.m; path = Source/GPUImageKuwaharaFilter.m; sourceTree = SOURCE_ROOT; };
/* End PBXFileReference section */

/* Begin PBXFrameworksBuildPhase section */
		BCA3F31817239B6500E28AEC /* Frameworks */ = {
			isa = PBXFrameworksBuildPhase;
			buildActionMask = 2147483647;
			files = (
				BCF8675D1725BBE900912E34 /* CoreMedia.framework in Frameworks */,
				BCF8675B1725BBE300912E34 /* AVFoundation.framework in Frameworks */,
				BCA3F3621723A8FA00E28AEC /* OpenGL.framework in Frameworks */,
				BCA3F3631723A8FA00E28AEC /* QuartzCore.framework in Frameworks */,
				BCA3F32017239B6500E28AEC /* Cocoa.framework in Frameworks */,
			);
			runOnlyForDeploymentPostprocessing = 0;
		};
/* End PBXFrameworksBuildPhase section */

/* Begin PBXGroup section */
		BCA3F31217239B6500E28AEC = {
			isa = PBXGroup;
			children = (
				BCA3F32517239B6500E28AEC /* GPUImageMac */,
				BCA3F31E17239B6500E28AEC /* Frameworks */,
				BCA3F31D17239B6500E28AEC /* Products */,
			);
			sourceTree = "<group>";
		};
		BCA3F31D17239B6500E28AEC /* Products */ = {
			isa = PBXGroup;
			children = (
				BCA3F31C17239B6500E28AEC /* GPUImage.framework */,
			);
			name = Products;
			sourceTree = "<group>";
		};
		BCA3F31E17239B6500E28AEC /* Frameworks */ = {
			isa = PBXGroup;
			children = (
				BCA3F31F17239B6500E28AEC /* Cocoa.framework */,
				BCA3F3601723A8FA00E28AEC /* OpenGL.framework */,
				BCA3F3611723A8FA00E28AEC /* QuartzCore.framework */,
				BCF8675C1725BBE900912E34 /* CoreMedia.framework */,
				BCF8675A1725BBE300912E34 /* AVFoundation.framework */,
				BCA3F32117239B6500E28AEC /* Other Frameworks */,
			);
			name = Frameworks;
			sourceTree = "<group>";
		};
		BCA3F32117239B6500E28AEC /* Other Frameworks */ = {
			isa = PBXGroup;
			children = (
				BCA3F32217239B6500E28AEC /* AppKit.framework */,
				BCA3F32317239B6500E28AEC /* CoreData.framework */,
				BCA3F32417239B6500E28AEC /* Foundation.framework */,
			);
			name = "Other Frameworks";
			sourceTree = "<group>";
		};
		BCA3F32517239B6500E28AEC /* GPUImageMac */ = {
			isa = PBXGroup;
			children = (
				BCA3F3641723A96600E28AEC /* GPUImage.h */,
				BCF40F1417247FD8005AE36A /* GLProgram.h */,
				BCF40F1517247FD8005AE36A /* GLProgram.m */,
				BCF40F1017247D68005AE36A /* GPUImageContext.h */,
				BCF40F1117247D68005AE36A /* GPUImageContext.m */,
				BCF40F1817248286005AE36A /* Sources */,
				BCF40F1D17248308005AE36A /* Filters */,
				BCF40F2217248811005AE36A /* Outputs */,
				BCA3F32617239B6500E28AEC /* Supporting Files */,
			);
			path = GPUImageMac;
			sourceTree = "<group>";
		};
		BCA3F32617239B6500E28AEC /* Supporting Files */ = {
			isa = PBXGroup;
			children = (
				BCA3F32717239B6500E28AEC /* GPUImageMac-Info.plist */,
				BCA3F32B17239B6500E28AEC /* GPUImageMac-Prefix.pch */,
			);
			name = "Supporting Files";
			sourceTree = "<group>";
		};
		BCF40F1817248286005AE36A /* Sources */ = {
			isa = PBXGroup;
			children = (
				BCF40F191724829B005AE36A /* GPUImageOutput.h */,
				BCF40F1A1724829B005AE36A /* GPUImageOutput.m */,
				BCF8679B1727585D00912E34 /* GPUImageAVCamera.h */,
				BCF8679C1727585D00912E34 /* GPUImageAVCamera.m */,
				BCF867541725AF9300912E34 /* GPUImagePicture.h */,
				BCF867551725AF9300912E34 /* GPUImagePicture.m */,
			);
			name = Sources;
			sourceTree = "<group>";
		};
		BCF40F1D17248308005AE36A /* Filters */ = {
			isa = PBXGroup;
			children = (
				BCF40F1E17248322005AE36A /* GPUImageFilter.h */,
				BCF40F1F17248322005AE36A /* GPUImageFilter.m */,
				BCF867DA17278C5800912E34 /* GPUImageTwoPassFilter.h */,
				BCF867DB17278C5900912E34 /* GPUImageTwoPassFilter.m */,
				BCF867C9172788F100912E34 /* GPUImage3x3TextureSamplingFilter.h */,
				BCF867CA172788F100912E34 /* GPUImage3x3TextureSamplingFilter.m */,
				BCF867C31727820100912E34 /* Color processing */,
				BCF867D1172789C800912E34 /* Image processing */,
				BCF867C4172786BA00912E34 /* Effects */,
			);
			name = Filters;
			sourceTree = "<group>";
		};
		BCF40F2217248811005AE36A /* Outputs */ = {
			isa = PBXGroup;
			children = (
				BCF40F2317248836005AE36A /* GPUImageView.h */,
				BCF40F2417248836005AE36A /* GPUImageView.m */,
				BCF867521725AF9300912E34 /* GPUImageMovieWriter.h */,
				BCF867531725AF9300912E34 /* GPUImageMovieWriter.m */,
			);
			name = Outputs;
			sourceTree = "<group>";
		};
		BCF867C31727820100912E34 /* Color processing */ = {
			isa = PBXGroup;
			children = (
				BCF867A9172778D500912E34 /* GPUImageSaturationFilter.h */,
				BCF867AA172778D500912E34 /* GPUImageSaturationFilter.m */,
				BCF867A3172778D500912E34 /* GPUImageContrastFilter.h */,
				BCF867A4172778D500912E34 /* GPUImageContrastFilter.m */,
				BCF40F27172488D3005AE36A /* GPUImageBrightnessFilter.h */,
				BCF40F28172488D3005AE36A /* GPUImageBrightnessFilter.m */,
				BCF867B71727791200912E34 /* GPUImageLevelsFilter.h */,
				BCF867B81727791200912E34 /* GPUImageLevelsFilter.m */,
				BCF867A5172778D500912E34 /* GPUImageExposureFilter.h */,
				BCF867A6172778D500912E34 /* GPUImageExposureFilter.m */,
				BCF867BD1727794000912E34 /* GPUImageRGBFilter.h */,
				BCF867BE1727794000912E34 /* GPUImageRGBFilter.m */,
				BCF867A7172778D500912E34 /* GPUImageHueFilter.h */,
				BCF867A8172778D500912E34 /* GPUImageHueFilter.m */,
				BCF867AB172778D500912E34 /* GPUImageWhiteBalanceFilter.h */,
				BCF867AC172778D500912E34 /* GPUImageWhiteBalanceFilter.m */,
				BCF867BB1727794000912E34 /* GPUImageMonochromeFilter.h */,
				BCF867BC1727794000912E34 /* GPUImageMonochromeFilter.m */,
				BCF867DE17278D1900912E34 /* GPUImageGrayscaleFilter.h */,
				BCF867DF17278D1900912E34 /* GPUImageGrayscaleFilter.m */,
			);
			name = "Color processing";
			sourceTree = "<group>";
		};
		BCF867C4172786BA00912E34 /* Effects */ = {
			isa = PBXGroup;
			children = (
				BCF867C51727872D00912E34 /* GPUImagePixellateFilter.h */,
				BCF867C61727872D00912E34 /* GPUImagePixellateFilter.m */,
				BCF867CD172789B200912E34 /* GPUImageSketchFilter.h */,
				BCF867CE172789B200912E34 /* GPUImageSketchFilter.m */,
				BCF867D617278A7900912E34 /* GPUImageToonFilter.h */,
				BCF867D717278A7900912E34 /* GPUImageToonFilter.m */,
				BCF867E21727903C00912E34 /* GPUImageKuwaharaFilter.h */,
				BCF867E31727903D00912E34 /* GPUImageKuwaharaFilter.m */,
			);
			name = Effects;
			sourceTree = "<group>";
		};
		BCF867D1172789C800912E34 /* Image processing */ = {
			isa = PBXGroup;
			children = (
				BCF867D217278A5600912E34 /* GPUImageSobelEdgeDetectionFilter.h */,
				BCF867D317278A5600912E34 /* GPUImageSobelEdgeDetectionFilter.m */,
			);
			name = "Image processing";
			sourceTree = "<group>";
		};
/* End PBXGroup section */

/* Begin PBXHeadersBuildPhase section */
		BCA3F31917239B6500E28AEC /* Headers */ = {
			isa = PBXHeadersBuildPhase;
			buildActionMask = 2147483647;
			files = (
				BCA3F3651723A96600E28AEC /* GPUImage.h in Headers */,
				BCF40F1217247D68005AE36A /* GPUImageContext.h in Headers */,
				BCF40F1617247FD8005AE36A /* GLProgram.h in Headers */,
				BCF40F1B1724829B005AE36A /* GPUImageOutput.h in Headers */,
				BCF40F2017248322005AE36A /* GPUImageFilter.h in Headers */,
				BCF40F2517248836005AE36A /* GPUImageView.h in Headers */,
				BCF867561725AF9300912E34 /* GPUImageMovieWriter.h in Headers */,
				BCF867581725AF9300912E34 /* GPUImagePicture.h in Headers */,
				BCF8679D1727585D00912E34 /* GPUImageAVCamera.h in Headers */,
				BCF40F29172488D3005AE36A /* GPUImageBrightnessFilter.h in Headers */,
				BCF867AD172778D500912E34 /* GPUImageContrastFilter.h in Headers */,
				BCF867AF172778D500912E34 /* GPUImageExposureFilter.h in Headers */,
				BCF867B1172778D500912E34 /* GPUImageHueFilter.h in Headers */,
				BCF867B3172778D500912E34 /* GPUImageSaturationFilter.h in Headers */,
				BCF867B5172778D500912E34 /* GPUImageWhiteBalanceFilter.h in Headers */,
				BCF867B91727791200912E34 /* GPUImageLevelsFilter.h in Headers */,
				BCF867BF1727794000912E34 /* GPUImageMonochromeFilter.h in Headers */,
				BCF867C11727794000912E34 /* GPUImageRGBFilter.h in Headers */,
				BCF867C71727872D00912E34 /* GPUImagePixellateFilter.h in Headers */,
				BCF867CB172788F100912E34 /* GPUImage3x3TextureSamplingFilter.h in Headers */,
				BCF867CF172789B200912E34 /* GPUImageSketchFilter.h in Headers */,
				BCF867D417278A5600912E34 /* GPUImageSobelEdgeDetectionFilter.h in Headers */,
				BCF867D817278A7A00912E34 /* GPUImageToonFilter.h in Headers */,
				BCF867DC17278C5A00912E34 /* GPUImageTwoPassFilter.h in Headers */,
				BCF867E017278D1900912E34 /* GPUImageGrayscaleFilter.h in Headers */,
				BCF867E41727903D00912E34 /* GPUImageKuwaharaFilter.h in Headers */,
			);
			runOnlyForDeploymentPostprocessing = 0;
		};
/* End PBXHeadersBuildPhase section */

/* Begin PBXNativeTarget section */
		BCA3F31B17239B6500E28AEC /* GPUImage */ = {
			isa = PBXNativeTarget;
			buildConfigurationList = BCA3F33117239B6500E28AEC /* Build configuration list for PBXNativeTarget "GPUImage" */;
			buildPhases = (
				BCA3F31717239B6500E28AEC /* Sources */,
				BCA3F31817239B6500E28AEC /* Frameworks */,
				BCA3F31917239B6500E28AEC /* Headers */,
				BCA3F31A17239B6500E28AEC /* Resources */,
			);
			buildRules = (
			);
			dependencies = (
			);
			name = GPUImage;
			productName = GPUImageMac;
			productReference = BCA3F31C17239B6500E28AEC /* GPUImage.framework */;
			productType = "com.apple.product-type.framework";
		};
/* End PBXNativeTarget section */

/* Begin PBXProject section */
		BCA3F31317239B6500E28AEC /* Project object */ = {
			isa = PBXProject;
			attributes = {
				LastUpgradeCheck = 0460;
				ORGANIZATIONNAME = "Sunset Lake Software LLC";
			};
			buildConfigurationList = BCA3F31617239B6500E28AEC /* Build configuration list for PBXProject "GPUImageMac" */;
			compatibilityVersion = "Xcode 3.2";
			developmentRegion = English;
			hasScannedForEncodings = 0;
			knownRegions = (
				en,
			);
			mainGroup = BCA3F31217239B6500E28AEC;
			productRefGroup = BCA3F31D17239B6500E28AEC /* Products */;
			projectDirPath = "";
			projectRoot = "";
			targets = (
				BCA3F31B17239B6500E28AEC /* GPUImage */,
			);
		};
/* End PBXProject section */

/* Begin PBXResourcesBuildPhase section */
		BCA3F31A17239B6500E28AEC /* Resources */ = {
			isa = PBXResourcesBuildPhase;
			buildActionMask = 2147483647;
			files = (
			);
			runOnlyForDeploymentPostprocessing = 0;
		};
/* End PBXResourcesBuildPhase section */

/* Begin PBXSourcesBuildPhase section */
		BCA3F31717239B6500E28AEC /* Sources */ = {
			isa = PBXSourcesBuildPhase;
			buildActionMask = 2147483647;
			files = (
				BCF40F1317247D68005AE36A /* GPUImageContext.m in Sources */,
				BCF40F1717247FD8005AE36A /* GLProgram.m in Sources */,
				BCF40F1C1724829B005AE36A /* GPUImageOutput.m in Sources */,
				BCF40F2117248322005AE36A /* GPUImageFilter.m in Sources */,
				BCF40F2617248836005AE36A /* GPUImageView.m in Sources */,
				BCF40F2A172488D3005AE36A /* GPUImageBrightnessFilter.m in Sources */,
				BCF867571725AF9300912E34 /* GPUImageMovieWriter.m in Sources */,
				BCF867591725AF9300912E34 /* GPUImagePicture.m in Sources */,
				BCF8679E1727585D00912E34 /* GPUImageAVCamera.m in Sources */,
				BCF867AE172778D500912E34 /* GPUImageContrastFilter.m in Sources */,
				BCF867B0172778D500912E34 /* GPUImageExposureFilter.m in Sources */,
				BCF867B2172778D500912E34 /* GPUImageHueFilter.m in Sources */,
				BCF867B4172778D500912E34 /* GPUImageSaturationFilter.m in Sources */,
				BCF867B6172778D500912E34 /* GPUImageWhiteBalanceFilter.m in Sources */,
				BCF867BA1727791200912E34 /* GPUImageLevelsFilter.m in Sources */,
				BCF867C01727794000912E34 /* GPUImageMonochromeFilter.m in Sources */,
				BCF867C21727794000912E34 /* GPUImageRGBFilter.m in Sources */,
				BCF867C81727872D00912E34 /* GPUImagePixellateFilter.m in Sources */,
				BCF867CC172788F100912E34 /* GPUImage3x3TextureSamplingFilter.m in Sources */,
				BCF867D0172789B200912E34 /* GPUImageSketchFilter.m in Sources */,
				BCF867D517278A5600912E34 /* GPUImageSobelEdgeDetectionFilter.m in Sources */,
				BCF867D917278A7A00912E34 /* GPUImageToonFilter.m in Sources */,
				BCF867DD17278C5A00912E34 /* GPUImageTwoPassFilter.m in Sources */,
				BCF867E117278D1900912E34 /* GPUImageGrayscaleFilter.m in Sources */,
				BCF867E51727903D00912E34 /* GPUImageKuwaharaFilter.m in Sources */,
			);
			runOnlyForDeploymentPostprocessing = 0;
		};
/* End PBXSourcesBuildPhase section */

/* Begin XCBuildConfiguration section */
		BCA3F32F17239B6500E28AEC /* Debug */ = {
			isa = XCBuildConfiguration;
			buildSettings = {
				ALWAYS_SEARCH_USER_PATHS = NO;
				ARCHS = "$(ARCHS_STANDARD_64_BIT)";
				CLANG_CXX_LANGUAGE_STANDARD = "gnu++0x";
				CLANG_CXX_LIBRARY = "libc++";
				CLANG_ENABLE_OBJC_ARC = YES;
				CLANG_WARN_CONSTANT_CONVERSION = YES;
				CLANG_WARN_EMPTY_BODY = YES;
				CLANG_WARN_ENUM_CONVERSION = YES;
				CLANG_WARN_INT_CONVERSION = YES;
				CLANG_WARN__DUPLICATE_METHOD_MATCH = YES;
				COPY_PHASE_STRIP = NO;
				GCC_C_LANGUAGE_STANDARD = gnu99;
				GCC_DYNAMIC_NO_PIC = NO;
				GCC_ENABLE_OBJC_EXCEPTIONS = YES;
				GCC_OPTIMIZATION_LEVEL = 0;
				GCC_PREPROCESSOR_DEFINITIONS = (
					"DEBUG=1",
					"$(inherited)",
				);
				GCC_SYMBOLS_PRIVATE_EXTERN = NO;
				GCC_WARN_64_TO_32_BIT_CONVERSION = YES;
				GCC_WARN_ABOUT_RETURN_TYPE = YES;
				GCC_WARN_UNINITIALIZED_AUTOS = YES;
				GCC_WARN_UNUSED_VARIABLE = YES;
				MACOSX_DEPLOYMENT_TARGET = 10.6;
				ONLY_ACTIVE_ARCH = YES;
				SDKROOT = macosx;
			};
			name = Debug;
		};
		BCA3F33017239B6500E28AEC /* Release */ = {
			isa = XCBuildConfiguration;
			buildSettings = {
				ALWAYS_SEARCH_USER_PATHS = NO;
				ARCHS = "$(ARCHS_STANDARD_64_BIT)";
				CLANG_CXX_LANGUAGE_STANDARD = "gnu++0x";
				CLANG_CXX_LIBRARY = "libc++";
				CLANG_ENABLE_OBJC_ARC = YES;
				CLANG_WARN_CONSTANT_CONVERSION = YES;
				CLANG_WARN_EMPTY_BODY = YES;
				CLANG_WARN_ENUM_CONVERSION = YES;
				CLANG_WARN_INT_CONVERSION = YES;
				CLANG_WARN__DUPLICATE_METHOD_MATCH = YES;
				COPY_PHASE_STRIP = YES;
				DEBUG_INFORMATION_FORMAT = "dwarf-with-dsym";
				GCC_C_LANGUAGE_STANDARD = gnu99;
				GCC_ENABLE_OBJC_EXCEPTIONS = YES;
				GCC_WARN_64_TO_32_BIT_CONVERSION = YES;
				GCC_WARN_ABOUT_RETURN_TYPE = YES;
				GCC_WARN_UNINITIALIZED_AUTOS = YES;
				GCC_WARN_UNUSED_VARIABLE = YES;
				MACOSX_DEPLOYMENT_TARGET = 10.6;
				SDKROOT = macosx;
			};
			name = Release;
		};
		BCA3F33217239B6500E28AEC /* Debug */ = {
			isa = XCBuildConfiguration;
			buildSettings = {
				COMBINE_HIDPI_IMAGES = YES;
				DYLIB_COMPATIBILITY_VERSION = 1;
				DYLIB_CURRENT_VERSION = 1;
				FRAMEWORK_VERSION = A;
				GCC_PRECOMPILE_PREFIX_HEADER = YES;
				GCC_PREFIX_HEADER = "Source/Mac/GPUImageMac-Prefix.pch";
				INFOPLIST_FILE = "Source/Mac/GPUImageMac-Info.plist";
				PRODUCT_NAME = "$(TARGET_NAME)";
				WRAPPER_EXTENSION = framework;
			};
			name = Debug;
		};
		BCA3F33317239B6500E28AEC /* Release */ = {
			isa = XCBuildConfiguration;
			buildSettings = {
				COMBINE_HIDPI_IMAGES = YES;
				DYLIB_COMPATIBILITY_VERSION = 1;
				DYLIB_CURRENT_VERSION = 1;
				FRAMEWORK_VERSION = A;
				GCC_PRECOMPILE_PREFIX_HEADER = YES;
				GCC_PREFIX_HEADER = "Source/Mac/GPUImageMac-Prefix.pch";
				INFOPLIST_FILE = "Source/Mac/GPUImageMac-Info.plist";
				PRODUCT_NAME = "$(TARGET_NAME)";
				WRAPPER_EXTENSION = framework;
			};
			name = Release;
		};
/* End XCBuildConfiguration section */

/* Begin XCConfigurationList section */
		BCA3F31617239B6500E28AEC /* Build configuration list for PBXProject "GPUImageMac" */ = {
			isa = XCConfigurationList;
			buildConfigurations = (
				BCA3F32F17239B6500E28AEC /* Debug */,
				BCA3F33017239B6500E28AEC /* Release */,
			);
			defaultConfigurationIsVisible = 0;
			defaultConfigurationName = Release;
		};
		BCA3F33117239B6500E28AEC /* Build configuration list for PBXNativeTarget "GPUImage" */ = {
			isa = XCConfigurationList;
			buildConfigurations = (
				BCA3F33217239B6500E28AEC /* Debug */,
				BCA3F33317239B6500E28AEC /* Release */,
			);
			defaultConfigurationIsVisible = 0;
			defaultConfigurationName = Release;
		};
/* End XCConfigurationList section */
	};
	rootObject = BCA3F31317239B6500E28AEC /* Project object */;
}
