<?xml version="1.0" encoding="UTF-8"?>
<Scheme
   version = "1.3">
   <BuildAction>
      <BuildActionEntries>
         <BuildActionEntry
            buildForRunning = "YES">
            <BuildableReference
               BuildableIdentifier = "primary"
               BlueprintIdentifier = "BCE209E41943F20C002FEED8"
               BuildableName = "GPUImage.framework"
               BlueprintName = "GPUImageFramework"
               ReferencedContainer = "container:GPUImage.xcodeproj">
            </BuildableReference>
         </BuildActionEntry>
      </BuildActionEntries>
   </BuildAction>
   <LaunchAction
      useCustomWorkingDirectory = "NO"
      buildConfiguration = "Debug">
      <BuildableProductRunnable>
         <BuildableReference
            BuildableIdentifier = "primary"
            BlueprintIdentifier = "BCB5DDC914E86899000AF3C2"
            BuildableName = "ChromaKeyVideoMerge.app"
            BlueprintName = "ChromaKeyVideoMerge"
            ReferencedContainer = "container:../examples/iOS/ChromaKeyVideoMerge/ChromaKeyVideoMerge.xcodeproj">
         </BuildableReference>
      </BuildableProductRunnable>
   </LaunchAction>
</Scheme>
