// !$*UTF8*$!
{
	archiveVersion = 1;
	classes = {
	};
	objectVersion = 46;
	objects = {

/* Begin PBXBuildFile section */
		BC73FD2419612C19004A9191 /* AppDelegate.swift in Sources */ = {isa = PBXBuildFile; fileRef = BC73FD2319612C19004A9191 /* AppDelegate.swift */; };
		BC73FD2619612C19004A9191 /* ViewController.swift in Sources */ = {isa = PBXBuildFile; fileRef = BC73FD2519612C19004A9191 /* ViewController.swift */; };
		BC73FD2919612C19004A9191 /* Main.storyboard in Resources */ = {isa = PBXBuildFile; fileRef = BC73FD2719612C19004A9191 /* Main.storyboard */; };
		BC73FD2B19612C19004A9191 /* Images.xcassets in Resources */ = {isa = PBXBuildFile; fileRef = BC73FD2A19612C19004A9191 /* Images.xcassets */; };
		BC73FD5519612C75004A9191 /* GPUImage.framework in Frameworks */ = {isa = PBXBuildFile; fileRef = BC73FD5419612C75004A9191 /* GPUImage.framework */; };
		BC73FD5719612C8F004A9191 /* GPUImage.framework in CopyFiles */ = {isa = PBXBuildFile; fileRef = BC73FD5419612C75004A9191 /* GPUImage.framework */; settings = {ATTRIBUTES = (CodeSignOnCopy, ); }; };
/* End PBXBuildFile section */

/* Begin PBXContainerItemProxy section */
		BC73FD4919612C6F004A9191 /* PBXContainerItemProxy */ = {
			isa = PBXContainerItemProxy;
			containerPortal = BC73FD4419612C4E004A9191 /* GPUImage.xcodeproj */;
			proxyType = 1;
			remoteGlobalIDString = BCE209E41943F20C002FEED8;
			remoteInfo = GPUImageFramework;
		};
		BC73FD4F19612C75004A9191 /* PBXContainerItemProxy */ = {
			isa = PBXContainerItemProxy;
			containerPortal = BC73FD4419612C4E004A9191 /* GPUImage.xcodeproj */;
			proxyType = 2;
			remoteGlobalIDString = BCF1A33414DDB1EC00852800;
			remoteInfo = GPUImage;
		};
		BC73FD5119612C75004A9191 /* PBXContainerItemProxy */ = {
			isa = PBXContainerItemProxy;
			containerPortal = BC73FD4419612C4E004A9191 /* GPUImage.xcodeproj */;
			proxyType = 2;
			remoteGlobalIDString = BCF1A34414DDB1EC00852800;
			remoteInfo = GPUImageTests;
		};
		BC73FD5319612C75004A9191 /* PBXContainerItemProxy */ = {
			isa = PBXContainerItemProxy;
			containerPortal = BC73FD4419612C4E004A9191 /* GPUImage.xcodeproj */;
			proxyType = 2;
			remoteGlobalIDString = BCE209E51943F20C002FEED8;
			remoteInfo = GPUImageFramework;
		};
/* End PBXContainerItemProxy section */

/* Begin PBXCopyFilesBuildPhase section */
		BC73FD5619612C86004A9191 /* CopyFiles */ = {
			isa = PBXCopyFilesBuildPhase;
			buildActionMask = 2147483647;
			dstPath = "";
			dstSubfolderSpec = 10;
			files = (
				BC73FD5719612C8F004A9191 /* GPUImage.framework in CopyFiles */,
			);
			runOnlyForDeploymentPostprocessing = 0;
		};
/* End PBXCopyFilesBuildPhase section */

/* Begin PBXFileReference section */
		BC73FD1E19612C19004A9191 /* SimpleSwiftVideoFilterExample.app */ = {isa = PBXFileReference; explicitFileType = wrapper.application; includeInIndex = 0; path = SimpleSwiftVideoFilterExample.app; sourceTree = BUILT_PRODUCTS_DIR; };
		BC73FD2219612C19004A9191 /* Info.plist */ = {isa = PBXFileReference; lastKnownFileType = text.plist.xml; path = Info.plist; sourceTree = "<group>"; };
		BC73FD2319612C19004A9191 /* AppDelegate.swift */ = {isa = PBXFileReference; lastKnownFileType = sourcecode.swift; path = AppDelegate.swift; sourceTree = "<group>"; };
		BC73FD2519612C19004A9191 /* ViewController.swift */ = {isa = PBXFileReference; lastKnownFileType = sourcecode.swift; path = ViewController.swift; sourceTree = "<group>"; };
		BC73FD2819612C19004A9191 /* Base */ = {isa = PBXFileReference; lastKnownFileType = file.storyboard; name = Base; path = Base.lproj/Main.storyboard; sourceTree = "<group>"; };
		BC73FD2A19612C19004A9191 /* Images.xcassets */ = {isa = PBXFileReference; lastKnownFileType = folder.assetcatalog; path = Images.xcassets; sourceTree = "<group>"; };
		BC73FD4419612C4E004A9191 /* GPUImage.xcodeproj */ = {isa = PBXFileReference; lastKnownFileType = "wrapper.pb-project"; name = GPUImage.xcodeproj; path = ../../../framework/GPUImage.xcodeproj; sourceTree = "<group>"; };
/* End PBXFileReference section */

/* Begin PBXFrameworksBuildPhase section */
		BC73FD1B19612C19004A9191 /* Frameworks */ = {
			isa = PBXFrameworksBuildPhase;
			buildActionMask = 2147483647;
			files = (
				BC73FD5519612C75004A9191 /* GPUImage.framework in Frameworks */,
			);
			runOnlyForDeploymentPostprocessing = 0;
		};
/* End PBXFrameworksBuildPhase section */

/* Begin PBXGroup section */
		BC73FD1519612C19004A9191 = {
			isa = PBXGroup;
			children = (
				BC73FD2019612C19004A9191 /* SimpleSwiftVideoFilterExample */,
				BC73FD4419612C4E004A9191 /* GPUImage.xcodeproj */,
				BC73FD1F19612C19004A9191 /* Products */,
			);
			sourceTree = "<group>";
		};
		BC73FD1F19612C19004A9191 /* Products */ = {
			isa = PBXGroup;
			children = (
				BC73FD1E19612C19004A9191 /* SimpleSwiftVideoFilterExample.app */,
			);
			name = Products;
			sourceTree = "<group>";
		};
		BC73FD2019612C19004A9191 /* SimpleSwiftVideoFilterExample */ = {
			isa = PBXGroup;
			children = (
				BC73FD2319612C19004A9191 /* AppDelegate.swift */,
				BC73FD2519612C19004A9191 /* ViewController.swift */,
				BC73FD2719612C19004A9191 /* Main.storyboard */,
				BC73FD2A19612C19004A9191 /* Images.xcassets */,
				BC73FD2119612C19004A9191 /* Supporting Files */,
			);
			path = SimpleSwiftVideoFilterExample;
			sourceTree = "<group>";
		};
		BC73FD2119612C19004A9191 /* Supporting Files */ = {
			isa = PBXGroup;
			children = (
				BC73FD2219612C19004A9191 /* Info.plist */,
			);
			name = "Supporting Files";
			sourceTree = "<group>";
		};
		BC73FD4719612C54004A9191 /* Products */ = {
			isa = PBXGroup;
			children = (
				BC73FD5019612C75004A9191 /* libGPUImage.a */,
				BC73FD5219612C75004A9191 /* GPUImageTests.octest */,
				BC73FD5419612C75004A9191 /* GPUImage.framework */,
			);
			name = Products;
			sourceTree = "<group>";
		};
/* End PBXGroup section */

/* Begin PBXNativeTarget section */
		BC73FD1D19612C19004A9191 /* SimpleSwiftVideoFilterExample */ = {
			isa = PBXNativeTarget;
			buildConfigurationList = BC73FD3A19612C19004A9191 /* Build configuration list for PBXNativeTarget "SimpleSwiftVideoFilterExample" */;
			buildPhases = (
				BC73FD1A19612C19004A9191 /* Sources */,
				BC73FD1B19612C19004A9191 /* Frameworks */,
				BC73FD5619612C86004A9191 /* CopyFiles */,
				BC73FD1C19612C19004A9191 /* Resources */,
			);
			buildRules = (
			);
			dependencies = (
				BC73FD4A19612C6F004A9191 /* PBXTargetDependency */,
			);
			name = SimpleSwiftVideoFilterExample;
			productName = SimpleSwiftVideoFilterExample;
			productReference = BC73FD1E19612C19004A9191 /* SimpleSwiftVideoFilterExample.app */;
			productType = "com.apple.product-type.application";
		};
/* End PBXNativeTarget section */

/* Begin PBXProject section */
		BC73FD1619612C19004A9191 /* Project object */ = {
			isa = PBXProject;
			attributes = {
				LastUpgradeCheck = 0600;
				ORGANIZATIONNAME = "Sunset Lake Software";
				TargetAttributes = {
					BC73FD1D19612C19004A9191 = {
						CreatedOnToolsVersion = 6.0;
					};
				};
			};
			buildConfigurationList = BC73FD1919612C19004A9191 /* Build configuration list for PBXProject "SimpleSwiftVideoFilterExample" */;
			compatibilityVersion = "Xcode 3.2";
			developmentRegion = English;
			hasScannedForEncodings = 0;
			knownRegions = (
				en,
				Base,
			);
			mainGroup = BC73FD1519612C19004A9191;
			productRefGroup = BC73FD1F19612C19004A9191 /* Products */;
			projectDirPath = "";
			projectReferences = (
				{
					ProductGroup = BC73FD4719612C54004A9191 /* Products */;
					ProjectRef = BC73FD4419612C4E004A9191 /* GPUImage.xcodeproj */;
				},
			);
			projectRoot = "";
			targets = (
				BC73FD1D19612C19004A9191 /* SimpleSwiftVideoFilterExample */,
			);
		};
/* End PBXProject section */

/* Begin PBXReferenceProxy section */
		BC73FD5019612C75004A9191 /* libGPUImage.a */ = {
			isa = PBXReferenceProxy;
			fileType = archive.ar;
			path = libGPUImage.a;
			remoteRef = BC73FD4F19612C75004A9191 /* PBXContainerItemProxy */;
			sourceTree = BUILT_PRODUCTS_DIR;
		};
		BC73FD5219612C75004A9191 /* GPUImageTests.octest */ = {
			isa = PBXReferenceProxy;
			fileType = wrapper.cfbundle;
			path = GPUImageTests.octest;
			remoteRef = BC73FD5119612C75004A9191 /* PBXContainerItemProxy */;
			sourceTree = BUILT_PRODUCTS_DIR;
		};
		BC73FD5419612C75004A9191 /* GPUImage.framework */ = {
			isa = PBXReferenceProxy;
			fileType = wrapper.framework;
			path = GPUImage.framework;
			remoteRef = BC73FD5319612C75004A9191 /* PBXContainerItemProxy */;
			sourceTree = BUILT_PRODUCTS_DIR;
		};
/* End PBXReferenceProxy section */

/* Begin PBXResourcesBuildPhase section */
		BC73FD1C19612C19004A9191 /* Resources */ = {
			isa = PBXResourcesBuildPhase;
			buildActionMask = 2147483647;
			files = (
				BC73FD2919612C19004A9191 /* Main.storyboard in Resources */,
				BC73FD2B19612C19004A9191 /* Images.xcassets in Resources */,
			);
			runOnlyForDeploymentPostprocessing = 0;
		};
/* End PBXResourcesBuildPhase section */

/* Begin PBXSourcesBuildPhase section */
		BC73FD1A19612C19004A9191 /* Sources */ = {
			isa = PBXSourcesBuildPhase;
			buildActionMask = 2147483647;
			files = (
				BC73FD2619612C19004A9191 /* ViewController.swift in Sources */,
				BC73FD2419612C19004A9191 /* AppDelegate.swift in Sources */,
			);
			runOnlyForDeploymentPostprocessing = 0;
		};
/* End PBXSourcesBuildPhase section */

/* Begin PBXTargetDependency section */
		BC73FD4A19612C6F004A9191 /* PBXTargetDependency */ = {
			isa = PBXTargetDependency;
			name = GPUImageFramework;
			targetProxy = BC73FD4919612C6F004A9191 /* PBXContainerItemProxy */;
		};
/* End PBXTargetDependency section */

/* Begin PBXVariantGroup section */
		BC73FD2719612C19004A9191 /* Main.storyboard */ = {
			isa = PBXVariantGroup;
			children = (
				BC73FD2819612C19004A9191 /* Base */,
			);
			name = Main.storyboard;
			sourceTree = "<group>";
		};
/* End PBXVariantGroup section */

/* Begin XCBuildConfiguration section */
		BC73FD3819612C19004A9191 /* Debug */ = {
			isa = XCBuildConfiguration;
			buildSettings = {
				ALWAYS_SEARCH_USER_PATHS = NO;
				CLANG_CXX_LANGUAGE_STANDARD = "gnu++0x";
				CLANG_CXX_LIBRARY = "libc++";
				CLANG_ENABLE_MODULES = YES;
				CLANG_ENABLE_OBJC_ARC = YES;
				CLANG_WARN_BOOL_CONVERSION = YES;
				CLANG_WARN_CONSTANT_CONVERSION = YES;
				CLANG_WARN_DIRECT_OBJC_ISA_USAGE = YES_ERROR;
				CLANG_WARN_EMPTY_BODY = YES;
				CLANG_WARN_ENUM_CONVERSION = YES;
				CLANG_WARN_INT_CONVERSION = YES;
				CLANG_WARN_OBJC_ROOT_CLASS = YES_ERROR;
				CLANG_WARN_UNREACHABLE_CODE = YES;
				CLANG_WARN__DUPLICATE_METHOD_MATCH = YES;
				"CODE_SIGN_IDENTITY[sdk=iphoneos*]" = "iPhone Developer";
				COPY_PHASE_STRIP = NO;
				ENABLE_STRICT_OBJC_MSGSEND = YES;
				GCC_C_LANGUAGE_STANDARD = gnu99;
				GCC_DYNAMIC_NO_PIC = NO;
				GCC_OPTIMIZATION_LEVEL = 0;
				GCC_PREPROCESSOR_DEFINITIONS = (
					"DEBUG=1",
					"$(inherited)",
				);
				GCC_SYMBOLS_PRIVATE_EXTERN = NO;
				GCC_WARN_64_TO_32_BIT_CONVERSION = YES;
				GCC_WARN_ABOUT_RETURN_TYPE = YES_ERROR;
				GCC_WARN_UNDECLARED_SELECTOR = YES;
				GCC_WARN_UNINITIALIZED_AUTOS = YES_AGGRESSIVE;
				GCC_WARN_UNUSED_FUNCTION = YES;
				GCC_WARN_UNUSED_VARIABLE = YES;
				IPHONEOS_DEPLOYMENT_TARGET = 6.0;
				METAL_ENABLE_DEBUG_INFO = YES;
				ONLY_ACTIVE_ARCH = YES;
				SDKROOT = iphoneos;
				SWIFT_OPTIMIZATION_LEVEL = "-Onone";
				TARGETED_DEVICE_FAMILY = "1,2";
			};
			name = Debug;
		};
		BC73FD3919612C19004A9191 /* Release */ = {
			isa = XCBuildConfiguration;
			buildSettings = {
				ALWAYS_SEARCH_USER_PATHS = NO;
				CLANG_CXX_LANGUAGE_STANDARD = "gnu++0x";
				CLANG_CXX_LIBRARY = "libc++";
				CLANG_ENABLE_MODULES = YES;
				CLANG_ENABLE_OBJC_ARC = YES;
				CLANG_WARN_BOOL_CONVERSION = YES;
				CLANG_WARN_CONSTANT_CONVERSION = YES;
				CLANG_WARN_DIRECT_OBJC_ISA_USAGE = YES_ERROR;
				CLANG_WARN_EMPTY_BODY = YES;
				CLANG_WARN_ENUM_CONVERSION = YES;
				CLANG_WARN_INT_CONVERSION = YES;
				CLANG_WARN_OBJC_ROOT_CLASS = YES_ERROR;
				CLANG_WARN_UNREACHABLE_CODE = YES;
				CLANG_WARN__DUPLICATE_METHOD_MATCH = YES;
				"CODE_SIGN_IDENTITY[sdk=iphoneos*]" = "iPhone Developer";
				COPY_PHASE_STRIP = YES;
				ENABLE_NS_ASSERTIONS = NO;
				ENABLE_STRICT_OBJC_MSGSEND = YES;
				GCC_C_LANGUAGE_STANDARD = gnu99;
				GCC_WARN_64_TO_32_BIT_CONVERSION = YES;
				GCC_WARN_ABOUT_RETURN_TYPE = YES_ERROR;
				GCC_WARN_UNDECLARED_SELECTOR = YES;
				GCC_WARN_UNINITIALIZED_AUTOS = YES_AGGRESSIVE;
				GCC_WARN_UNUSED_FUNCTION = YES;
				GCC_WARN_UNUSED_VARIABLE = YES;
				IPHONEOS_DEPLOYMENT_TARGET = 6.0;
				METAL_ENABLE_DEBUG_INFO = NO;
				SDKROOT = iphoneos;
				TARGETED_DEVICE_FAMILY = "1,2";
				VALIDATE_PRODUCT = YES;
			};
			name = Release;
		};
		BC73FD3B19612C19004A9191 /* Debug */ = {
			isa = XCBuildConfiguration;
			buildSettings = {
				ASSETCATALOG_COMPILER_APPICON_NAME = AppIcon;
				ASSETCATALOG_COMPILER_LAUNCHIMAGE_NAME = LaunchImage;
				INFOPLIST_FILE = SimpleSwiftVideoFilterExample/Info.plist;
				LD_RUNPATH_SEARCH_PATHS = "$(inherited) @executable_path/Frameworks";
				PRODUCT_NAME = "$(TARGET_NAME)";
			};
			name = Debug;
		};
		BC73FD3C19612C19004A9191 /* Release */ = {
			isa = XCBuildConfiguration;
			buildSettings = {
				ASSETCATALOG_COMPILER_APPICON_NAME = AppIcon;
				ASSETCATALOG_COMPILER_LAUNCHIMAGE_NAME = LaunchImage;
				INFOPLIST_FILE = SimpleSwiftVideoFilterExample/Info.plist;
				LD_RUNPATH_SEARCH_PATHS = "$(inherited) @executable_path/Frameworks";
				PRODUCT_NAME = "$(TARGET_NAME)";
			};
			name = Release;
		};
/* End XCBuildConfiguration section */

/* Begin XCConfigurationList section */
		BC73FD1919612C19004A9191 /* Build configuration list for PBXProject "SimpleSwiftVideoFilterExample" */ = {
			isa = XCConfigurationList;
			buildConfigurations = (
				BC73FD3819612C19004A9191 /* Debug */,
				BC73FD3919612C19004A9191 /* Release */,
			);
			defaultConfigurationIsVisible = 0;
			defaultConfigurationName = Release;
		};
		BC73FD3A19612C19004A9191 /* Build configuration list for PBXNativeTarget "SimpleSwiftVideoFilterExample" */ = {
			isa = XCConfigurationList;
			buildConfigurations = (
				BC73FD3B19612C19004A9191 /* Debug */,
				BC73FD3C19612C19004A9191 /* Release */,
			);
			defaultConfigurationIsVisible = 0;
			defaultConfigurationName = Release;
		};
/* End XCConfigurationList section */
	};
	rootObject = BC73FD1619612C19004A9191 /* Project object */;
}
